
Microsoft Visual Studio Solution File, Format Version 12.00
# Visual Studio Version 17
VisualStudioVersion = 17.7.34031.279
MinimumVisualStudioVersion = 10.0.40219.1
Project("{FAE04EC0-301F-11D3-BF4B-00C04F79EFBC}") = "jzarciaE3", "jzarciaE3.csproj", "{A99E45A8-F8F2-4F46-B971-BCA64C8D303E}"
EndProject
Global
	GlobalSection(SolutionConfigurationPlatforms) = preSolution
		Debug|Any CPU = Debug|Any CPU
		Release|Any CPU = Release|Any CPU
	EndGlobalSection
	GlobalSection(ProjectConfigurationPlatforms) = postSolution
		{A99E45A8-F8F2-4F46-B971-BCA64C8D303E}.Debug|Any CPU.ActiveCfg = Debug|Any CPU
		{A99E45A8-F8F2-4F46-B971-BCA64C8D303E}.Debug|Any CPU.Build.0 = Debug|Any CPU
		{A99E45A8-F8F2-4F46-B971-BCA64C8D303E}.Release|Any CPU.ActiveCfg = Release|Any CPU
		{A99E45A8-F8F2-4F46-B971-BCA64C8D303E}.Release|Any CPU.Build.0 = Release|Any CPU
	EndGlobalSection
	GlobalSection(SolutionProperties) = preSolution
		HideSolutionNode = FALSE
	EndGlobalSection
	GlobalSection(ExtensibilityGlobals) = postSolution
		SolutionGuid = {B2E99F8E-E92D-41B0-848C-817663547221}
	EndGlobalSection
EndGlobal
